hash: 752336a6b72a09b9c5d503579ad3bf207ef12ab658c9f7d8913a11e541adb678
updated: 2017-01-30T23:40:26.6078996+01:00
imports:
- name: github.com/galeone/igor
  version: 1109e1158d585e449deda975c021200887e3018b
- name: github.com/lib/pq
  version: 67c3f2a8884c9b1aac5503c8d42ae4f73a93511c
  subpackages:
  - oid
testImports: []
